
Microsoft Visual Studio Solution File, Format Version 12.00
# Visual Studio 15
VisualStudioVersion = 15.0.28010.0
MinimumVisualStudioVersion = 10.0.40219.1
Project("{9A19103F-16F7-4668-BE54-9A1E7A4F7556}") = "DAL", "DAL\DAL.csproj", "{509E9EF2-7A89-4321-A449-41B73F314A1F}"
EndProject
Project("{9A19103F-16F7-4668-BE54-9A1E7A4F7556}") = "System", "System\System.csproj", "{61C266D4-CA2D-4636-B1EB-5EC2DDF1E1B2}"
EndProject
Project("{9A19103F-16F7-4668-BE54-9A1E7A4F7556}") = "Static", "Static\Static.csproj", "{2EF8D557-2FCE-4383-9508-3AF57B4352E8}"
EndProject
Global
	GlobalSection(SolutionConfigurationPlatforms) = preSolution
		Debug|Any CPU = Debug|Any CPU
		Release|Any CPU = Release|Any CPU
	EndGlobalSection
	GlobalSection(ProjectConfigurationPlatforms) = postSolution
		{509E9EF2-7A89-4321-A449-41B73F314A1F}.Debug|Any CPU.ActiveCfg = Debug|Any CPU
		{509E9EF2-7A89-4321-A449-41B73F314A1F}.Debug|Any CPU.Build.0 = Debug|Any CPU
		{509E9EF2-7A89-4321-A449-41B73F314A1F}.Release|Any CPU.ActiveCfg = Release|Any CPU
		{509E9EF2-7A89-4321-A449-41B73F314A1F}.Release|Any CPU.Build.0 = Release|Any CPU
		{61C266D4-CA2D-4636-B1EB-5EC2DDF1E1B2}.Debug|Any CPU.ActiveCfg = Debug|Any CPU
		{61C266D4-CA2D-4636-B1EB-5EC2DDF1E1B2}.Debug|Any CPU.Build.0 = Debug|Any CPU
		{61C266D4-CA2D-4636-B1EB-5EC2DDF1E1B2}.Release|Any CPU.ActiveCfg = Release|Any CPU
		{61C266D4-CA2D-4636-B1EB-5EC2DDF1E1B2}.Release|Any CPU.Build.0 = Release|Any CPU
		{2EF8D557-2FCE-4383-9508-3AF57B4352E8}.Debug|Any CPU.ActiveCfg = Debug|Any CPU
		{2EF8D557-2FCE-4383-9508-3AF57B4352E8}.Debug|Any CPU.Build.0 = Debug|Any CPU
		{2EF8D557-2FCE-4383-9508-3AF57B4352E8}.Release|Any CPU.ActiveCfg = Release|Any CPU
		{2EF8D557-2FCE-4383-9508-3AF57B4352E8}.Release|Any CPU.Build.0 = Release|Any CPU
	EndGlobalSection
	GlobalSection(SolutionProperties) = preSolution
		HideSolutionNode = FALSE
	EndGlobalSection
	GlobalSection(ExtensibilityGlobals) = postSolution
		SolutionGuid = {62CC5ECE-0311-4C1D-8327-86F36165E57E}
	EndGlobalSection
EndGlobal
